schemaVersion: 1
verifiedAt: "2026-09-03"

tooling:
  istioctl:
    version: 1.31.0
    linuxAmd64Url: https://github.com/istio/istio/releases/download/1.31.0/istioctl-1.31.0-linux-amd64.tar.gz
    linuxAmd64Sha256: ef3f4368122c9008d344b7c824e563dae6fec9078eb2b90e87836063887d15a8
  yq: "4.53.6"
  kubectl: "1.36.0"
  setupKubectlAction: "5.1.0"
  setupKubectlActionSha: "829323503d1be3d00ca8346e5391ca0b07a9ab0d"

delivery:
  helmSources: [{"chart":"base","version":"1.30.4","url":"https://blob.istio.io/istio-release/charts/base-1.30.4.tgz","sha256":"d3532767f9f2042ad1a1f7ca060c2b734762c8d1bcd57fa0244482359146a5f1"},{"chart":"istiod","version":"1.30.4","url":"https://blob.istio.io/istio-release/charts/istiod-1.30.4.tgz","sha256":"66ad8344e2ef16745aa425dc6609570b42536ecdf1ab5ca04a90abf1bc577344"},{"chart":"gateway","version":"1.30.4","url":"https://blob.istio.io/istio-release/charts/gateway-1.30.4.tgz","sha256":"b662db852bfec2994725eb478c2e89fe6e73729aeb7ab90352d8042928fa20ce"},{"chart":"base","version":"1.31.0","url":"https://blob.istio.io/istio-release/charts/base-1.31.0.tgz","sha256":"c4e5e2f0feee1016a3e6cb342e0d457ca2098d74c7d36b0dae60d8ab5b934909"},{"chart":"istiod","version":"1.31.0","url":"https://blob.istio.io/istio-release/charts/istiod-1.31.0.tgz","sha256":"df73f8fba27f2ae51c90f9483c5298e164b5241fcd349a04375df32d7f9fe2e7"},{"chart":"gateway","version":"1.31.0","url":"https://blob.istio.io/istio-release/charts/gateway-1.31.0.tgz","sha256":"71425398be705f15cc2f29e0811bfc0e7c6c4e3fd5cad8a893a21eb412973b5b"},{"chart":"external-secrets","version":"2.10.0","url":"https://charts.external-secrets.io/external-secrets-2.10.0.tgz","sha256":"b96e948fff3674638b5d3f9e43886f3796e04739c4b4127929aed2ddac7d1418"},{"chart":"argo-cd","version":"10.4.3","url":"https://github.com/argoproj/argo-helm/releases/download/argo-cd-10.4.3/argo-cd-10.4.3.tgz","sha256":"a2cf167748f21a5a456d7070fcd6ab786c4f924b36a3aa497878e0c9b960bbab"},{"chart":"argo-rollouts","version":"2.42.0","url":"https://github.com/argoproj/argo-helm/releases/download/argo-rollouts-2.42.0/argo-rollouts-2.42.0.tgz","sha256":"d3a4ff76978290eca71f95125281c7c90b1f058a809574d39502a26143865bda"},{"chart":"aws-load-balancer-controller","version":"3.5.0","url":"https://aws.github.io/eks-charts/aws-load-balancer-controller-3.5.0.tgz","sha256":"45051f634b33e10baccb3354d0681b7de787c60445e599fa276e0c9aedd4ccd5"},{"chart":"policy-controller","version":"0.10.5","url":"oci://ghcr.io/sigstore/helm-charts/policy-controller","ociDigest":"sha256:bd825655f80a062a23e71725cb33118566ff6a90daf97a1ce17a52a4bc6e010d","sha256":"d1c243d566ef11c7e206cc9f6a1187f9e4291325d011d8fc432f50632296336c"},{"chart":"trust-policies","version":"v0.7.0","url":"oci://ghcr.io/github/artifact-attestations-helm-charts/trust-policies","ociDigest":"sha256:b5c9a786ab94f2b624cbfe68f5cb1364a2744c4147f33dbcdce3e96600fd5a67","sha256":"d17922314fb4b01f436262ffb9ddad72ef43bf8998dd260823639f81f91c13c1"}]
  gatewayApiStandard:
    owner: EKS-infra
    version: 1.6.0
    url: https://github.com/kubernetes-sigs/gateway-api/releases/download/v1.6.0/standard-install.yaml
    sha256: a557172e8348f758479e9ee4000bbbb4b4aa48302a6b73461823ea5349bad56d
  runtime:
    name: mini-commerce
    repositoryId: 1352247019
  helmCli: "4.2.4"
  argoCdController: "3.5.2"
  argoRolloutsController: "1.9.1"
  gatewayApi: "1.6.0"
  gatewayApiTrafficRouterPlugin: "0.16.0"
  gatewayApiTrafficRouterPluginDigest: "sha256:af5aaba7e34c2b8eb0d52128ac91cb913f065b710c7dea88db59d626a96c53c2"
  externalSecretsChart: "2.10.0"
  awsLoadBalancerController: "3.5.0"

database:
  postgres: "17.6-alpine"
  imageIndexDigest: "sha256:ef257d85f76e48da1c64832459b59fcaba1a4dac97bf5d7450c77753542eee94"
  storageClass: "course-gp3"
