schemaVersion: 1
verifiedAt: "2026-09-03"

tooling:
  yq: "4.53.6"
  kubectl: "1.36.0"
  setupKubectlAction: "5.1.0"
  setupKubectlActionSha: "829323503d1be3d00ca8346e5391ca0b07a9ab0d"

delivery:
  runtime:
    name: mini-commerce
    repositoryId: 1352247019
  helmCli: "4.2.4"
  argoCdController: "3.5.2"
  argoRolloutsController: "1.9.1"
  gatewayApi: "1.6.0"
  gatewayApiTrafficRouterPlugin: "0.16.0"
  gatewayApiTrafficRouterPluginDigest: "sha256:af5aaba7e34c2b8eb0d52128ac91cb913f065b710c7dea88db59d626a96c53c2"
  externalSecretsChart: "2.10.0"
  awsLoadBalancerController: "3.5.0"

database:
  postgres: "17.6-alpine"
  imageIndexDigest: "sha256:ef257d85f76e48da1c64832459b59fcaba1a4dac97bf5d7450c77753542eee94"
  storageClass: "course-gp3"
